
Microsoft Visual Studio Solution File, Format Version 12.00
# Visual Studio Version 17
VisualStudioVersion = 17.10.35027.167
MinimumVisualStudioVersion = 10.0.40219.1
Project("{FAE04EC0-301F-11D3-BF4B-00C04F79EFBC}") = "EtiqaWebApp1", "EtiqaWebApp1.csproj", "{A41B8F5F-4C39-4313-8539-DB0A838556FB}"
EndProject
Global
	GlobalSection(SolutionConfigurationPlatforms) = preSolution
		Debug|Any CPU = Debug|Any CPU
		Release|Any CPU = Release|Any CPU
	EndGlobalSection
	GlobalSection(ProjectConfigurationPlatforms) = postSolution
		{A41B8F5F-4C39-4313-8539-DB0A838556FB}.Debug|Any CPU.ActiveCfg = Debug|Any CPU
		{A41B8F5F-4C39-4313-8539-DB0A838556FB}.Debug|Any CPU.Build.0 = Debug|Any CPU
		{A41B8F5F-4C39-4313-8539-DB0A838556FB}.Release|Any CPU.ActiveCfg = Release|Any CPU
		{A41B8F5F-4C39-4313-8539-DB0A838556FB}.Release|Any CPU.Build.0 = Release|Any CPU
	EndGlobalSection
	GlobalSection(SolutionProperties) = preSolution
		HideSolutionNode = FALSE
	EndGlobalSection
	GlobalSection(ExtensibilityGlobals) = postSolution
		SolutionGuid = {FA9A8584-22AD-4227-88EA-D8BE6DB1BD3C}
	EndGlobalSection
EndGlobal
